
Microsoft Visual Studio Solution File, Format Version 12.00
# Visual Studio Version 17
VisualStudioVersion = 17.3.32728.150
MinimumVisualStudioVersion = 10.0.40219.1
Project("{9A19103F-16F7-4668-BE54-9A1E7A4F7556}") = "SnakesAndLadders", "SnakesAndLadders\SnakesAndLadders.csproj", "{46476BC0-C9AE-4BDC-9630-1A64636C1AEA}"
EndProject
Project("{FAE04EC0-301F-11D3-BF4B-00C04F79EFBC}") = "SnakesAndLadders.Test", "SnakesAndLadders.Test\SnakesAndLadders.Test.csproj", "{08585312-4B13-4FFC-8341-0B90D3D838F5}"
EndProject
Project("{FAE04EC0-301F-11D3-BF4B-00C04F79EFBC}") = "SnakesAndLadders.ConsoleApp", "SnakesAndLadders.Console\SnakesAndLadders.ConsoleApp.csproj", "{D6FC89BE-2AF1-4160-8CB0-DD6AB03D5EF4}"
EndProject
Global
	GlobalSection(SolutionConfigurationPlatforms) = preSolution
		Debug|Any CPU = Debug|Any CPU
		Release|Any CPU = Release|Any CPU
	EndGlobalSection
	GlobalSection(ProjectConfigurationPlatforms) = postSolution
		{46476BC0-C9AE-4BDC-9630-1A64636C1AEA}.Debug|Any CPU.ActiveCfg = Debug|Any CPU
		{46476BC0-C9AE-4BDC-9630-1A64636C1AEA}.Debug|Any CPU.Build.0 = Debug|Any CPU
		{46476BC0-C9AE-4BDC-9630-1A64636C1AEA}.Release|Any CPU.ActiveCfg = Release|Any CPU
		{46476BC0-C9AE-4BDC-9630-1A64636C1AEA}.Release|Any CPU.Build.0 = Release|Any CPU
		{08585312-4B13-4FFC-8341-0B90D3D838F5}.Debug|Any CPU.ActiveCfg = Debug|Any CPU
		{08585312-4B13-4FFC-8341-0B90D3D838F5}.Debug|Any CPU.Build.0 = Debug|Any CPU
		{08585312-4B13-4FFC-8341-0B90D3D838F5}.Release|Any CPU.ActiveCfg = Release|Any CPU
		{08585312-4B13-4FFC-8341-0B90D3D838F5}.Release|Any CPU.Build.0 = Release|Any CPU
		{D6FC89BE-2AF1-4160-8CB0-DD6AB03D5EF4}.Debug|Any CPU.ActiveCfg = Debug|Any CPU
		{D6FC89BE-2AF1-4160-8CB0-DD6AB03D5EF4}.Debug|Any CPU.Build.0 = Debug|Any CPU
		{D6FC89BE-2AF1-4160-8CB0-DD6AB03D5EF4}.Release|Any CPU.ActiveCfg = Release|Any CPU
		{D6FC89BE-2AF1-4160-8CB0-DD6AB03D5EF4}.Release|Any CPU.Build.0 = Release|Any CPU
	EndGlobalSection
	GlobalSection(SolutionProperties) = preSolution
		HideSolutionNode = FALSE
	EndGlobalSection
	GlobalSection(ExtensibilityGlobals) = postSolution
		SolutionGuid = {7C75930A-CA13-4901-ACE1-0A82FBED1E97}
	EndGlobalSection
EndGlobal
